PODS:
  - Analytics (3.8.2)
  - FullStory (1.3.0)
  - FullStorySegmentMiddleware (0.1.0):
    - Analytics
    - FullStory
  - OCMock (3.6)

DEPENDENCIES:
  - Analytics (~> 3.0)
  - "FullStory (from `{:http=>\"https://ios-releases.fullstory.com/fullstory-1.3.0.tar.gz\"}`)"
  - FullStorySegmentMiddleware (from `../`)
  - OCMock (~> 3.6)

SPEC REPOS:
  trunk:
    - Analytics
    - OCMock

EXTERNAL SOURCES:
  FullStory:
    :http: https://ios-releases.fullstory.com/fullstory-1.3.0.tar.gz
  FullStorySegmentMiddleware:
    :path: "../"

CHECKOUT OPTIONS:
  FullStory:
    :http: https://ios-releases.fullstory.com/fullstory-1.3.0.tar.gz

SPEC CHECKSUMS:
  Analytics: 4c482aea5efcecaeb03adfc7fc22e350f5ca575c
  FullStory: 491710b0491d73b354f46c9d446af389e55781a7
  FullStorySegmentMiddleware: c7920606f3b34ac4cfa78e80aa03979a8379102c
  OCMock: 5ea90566be239f179ba766fd9fbae5885040b992

PODFILE CHECKSUM: 74d6188326f7d5351423ddddeda8c42fc516e418

COCOAPODS: 1.9.1
