PODS:
  - Analytics (4.1.5)
  - FullStory (1.17.1)
  - FullStorySegmentMiddleware (0.1.0):
    - Analytics (~> 4.1)
    - FullStory
  - OCMock (3.8.1)

DEPENDENCIES:
  - Analytics (~> 4.1)
  - "FullStory (from `{:http=>\"https://ios-releases.fullstory.com/fullstory-1.17.1.tar.gz\"}`)"
  - FullStorySegmentMiddleware (from `.`)
  - OCMock (~> 3.6)

SPEC REPOS:
  trunk:
    - Analytics
    - OCMock

EXTERNAL SOURCES:
  FullStory:
    :http: https://ios-releases.fullstory.com/fullstory-1.17.1.tar.gz
  FullStorySegmentMiddleware:
    :path: "."

CHECKOUT OPTIONS:
  FullStory:
    :http: https://ios-releases.fullstory.com/fullstory-1.17.1.tar.gz

SPEC CHECKSUMS:
  Analytics: 084a3edda6517e308007c1a7810b8f1e8f2925aa
  FullStory: eadfce6bbdd46f4ea339372386929f9098543ce9
  FullStorySegmentMiddleware: 8d4c9786eaa89eeabf2aba58a8769993e5c692bc
  OCMock: 29f6e52085b4e7d9b075cbf03ed7c3112f82f934

PODFILE CHECKSUM: b462e02019e445e85a07dcea410355c46abb1188

COCOAPODS: 1.10.1
