PODS:
  - Analytics (4.1.2)
  - FullStory (1.10.0)
  - FullStorySegmentMiddleware (0.1.0):
    - Analytics
    - FullStory
  - OCMock (3.7.1)

DEPENDENCIES:
  - Analytics (~> 4.1.0)
  - "FullStory (from `{:http=>\"https://ios-releases.fullstory.com/fullstory-1.10.0.tar.gz\"}`)"
  - FullStorySegmentMiddleware (from `.`)
  - OCMock (~> 3.6)

SPEC REPOS:
  trunk:
    - Analytics
    - OCMock

EXTERNAL SOURCES:
  FullStory:
    :http: https://ios-releases.fullstory.com/fullstory-1.10.0.tar.gz
  FullStorySegmentMiddleware:
    :path: "."

CHECKOUT OPTIONS:
  FullStory:
    :http: https://ios-releases.fullstory.com/fullstory-1.10.0.tar.gz

SPEC CHECKSUMS:
  Analytics: 177da2c597aba83a6882b706ca6e0a071fd7cd26
  FullStory: c57124b88b7139f5c737195d270dee3c756f6b0c
  FullStorySegmentMiddleware: ec0fe978d4d2e3fc52bc68d5103764ec335cf0f5
  OCMock: 75fbeaa46a9b11f8c182bbb1d1f7e9a35ccc9955

PODFILE CHECKSUM: 761e6384a914af500e4a2f140814025212190438

COCOAPODS: 1.9.1
